
Microsoft Visual Studio Solution File, Format Version 12.00
# Visual Studio Version 16
VisualStudioVersion = 16.0.30523.141
MinimumVisualStudioVersion = 10.0.40219.1
Project("{FAE04EC0-301F-11D3-BF4B-00C04F79EFBC}") = "student user", "student user\student user.csproj", "{5C51FE9D-22B1-43B9-B999-9392BD4815E6}"
EndProject
Global
	GlobalSection(SolutionConfigurationPlatforms) = preSolution
		Debug|Any CPU = Debug|Any CPU
		Release|Any CPU = Release|Any CPU
	EndGlobalSection
	GlobalSection(ProjectConfigurationPlatforms) = postSolution
		{5C51FE9D-22B1-43B9-B999-9392BD4815E6}.Debug|Any CPU.ActiveCfg = Debug|Any CPU
		{5C51FE9D-22B1-43B9-B999-9392BD4815E6}.Debug|Any CPU.Build.0 = Debug|Any CPU
		{5C51FE9D-22B1-43B9-B999-9392BD4815E6}.Release|Any CPU.ActiveCfg = Release|Any CPU
		{5C51FE9D-22B1-43B9-B999-9392BD4815E6}.Release|Any CPU.Build.0 = Release|Any CPU
	EndGlobalSection
	GlobalSection(SolutionProperties) = preSolution
		HideSolutionNode = FALSE
	EndGlobalSection
	GlobalSection(ExtensibilityGlobals) = postSolution
		SolutionGuid = {922679BF-AC94-4B33-BB8F-A129EEE77ABB}
	EndGlobalSection
EndGlobal
